
Microsoft Visual Studio Solution File, Format Version 12.00
# Visual Studio 2013
VisualStudioVersion = 12.0.21005.1
MinimumVisualStudioVersion = 10.0.40219.1
Project("{00D1A9C2-B5F0-4AF3-8072-F6C62B433612}") = "AlfonsoDatabase", "AlfonsoDatabase\AlfonsoDatabase.sqlproj", "{63BC8E4C-30CB-40E0-8A74-B9CB2F9B8505}"
EndProject
Global
	GlobalSection(SolutionConfigurationPlatforms) = preSolution
		Debug|Any CPU = Debug|Any CPU
		Release|Any CPU = Release|Any CPU
	EndGlobalSection
	GlobalSection(ProjectConfigurationPlatforms) = postSolution
		{63BC8E4C-30CB-40E0-8A74-B9CB2F9B8505}.Debug|Any CPU.ActiveCfg = Debug|Any CPU
		{63BC8E4C-30CB-40E0-8A74-B9CB2F9B8505}.Debug|Any CPU.Build.0 = Debug|Any CPU
		{63BC8E4C-30CB-40E0-8A74-B9CB2F9B8505}.Debug|Any CPU.Deploy.0 = Debug|Any CPU
		{63BC8E4C-30CB-40E0-8A74-B9CB2F9B8505}.Release|Any CPU.ActiveCfg = Release|Any CPU
		{63BC8E4C-30CB-40E0-8A74-B9CB2F9B8505}.Release|Any CPU.Build.0 = Release|Any CPU
		{63BC8E4C-30CB-40E0-8A74-B9CB2F9B8505}.Release|Any CPU.Deploy.0 = Release|Any CPU
	EndGlobalSection
	GlobalSection(SolutionProperties) = preSolution
		HideSolutionNode = FALSE
	EndGlobalSection
EndGlobal
